
Microsoft Visual Studio Solution File, Format Version 9.00
# Visual Studio 2005
Project("{FAE04EC0-301F-11D3-BF4B-00C04F79EFBC}") = "filebase", "filebase.csproj", "{B5C6753C-1E43-4FB6-A926-E736D31CC7E4}"
EndProject
Project("{FAE04EC0-301F-11D3-BF4B-00C04F79EFBC}") = "WindowsApplication1", "WindowsApplication1\WindowsApplication1.csproj", "{BCFF54D0-41AC-42B8-BA8B-961515B4E9B6}"
EndProject
Global
	GlobalSection(SolutionConfigurationPlatforms) = preSolution
		Debug|Any CPU = Debug|Any CPU
		Release|Any CPU = Release|Any CPU
	EndGlobalSection
	GlobalSection(ProjectConfigurationPlatforms) = postSolution
		{B5C6753C-1E43-4FB6-A926-E736D31CC7E4}.Debug|Any CPU.ActiveCfg = Debug|Any CPU
		{B5C6753C-1E43-4FB6-A926-E736D31CC7E4}.Debug|Any CPU.Build.0 = Debug|Any CPU
		{B5C6753C-1E43-4FB6-A926-E736D31CC7E4}.Release|Any CPU.ActiveCfg = Release|Any CPU
		{B5C6753C-1E43-4FB6-A926-E736D31CC7E4}.Release|Any CPU.Build.0 = Release|Any CPU
		{BCFF54D0-41AC-42B8-BA8B-961515B4E9B6}.Debug|Any CPU.ActiveCfg = Debug|Any CPU
		{BCFF54D0-41AC-42B8-BA8B-961515B4E9B6}.Debug|Any CPU.Build.0 = Debug|Any CPU
		{BCFF54D0-41AC-42B8-BA8B-961515B4E9B6}.Release|Any CPU.ActiveCfg = Release|Any CPU
		{BCFF54D0-41AC-42B8-BA8B-961515B4E9B6}.Release|Any CPU.Build.0 = Release|Any CPU
	EndGlobalSection
	GlobalSection(SolutionProperties) = preSolution
		HideSolutionNode = FALSE
	EndGlobalSection
EndGlobal
